
Microsoft Visual Studio Solution File, Format Version 12.00
# Visual Studio 14
VisualStudioVersion = 14.0.25420.1
MinimumVisualStudioVersion = 10.0.40219.1
Project("{FAE04EC0-301F-11D3-BF4B-00C04F79EFBC}") = "MVC6ambatch13_2020", "MVC6ambatch13_2020\MVC6ambatch13_2020.csproj", "{953E5572-26A4-49A5-B61E-89879FC2B274}"
EndProject
Project("{FAE04EC0-301F-11D3-BF4B-00C04F79EFBC}") = "WebApplication1", "WebApplication1\WebApplication1.csproj", "{44171586-ABE3-447D-8D08-E26D66D81CA5}"
EndProject
Project("{FAE04EC0-301F-11D3-BF4B-00C04F79EFBC}") = "AdoDotNEtExample", "AdoDotNEtExample\AdoDotNEtExample.csproj", "{E98C1C13-BCCA-49E5-A375-06F7BF60DC4D}"
EndProject
Project("{FAE04EC0-301F-11D3-BF4B-00C04F79EFBC}") = "DatabaseFirstApproach", "DatabaseFirstApproach\DatabaseFirstApproach.csproj", "{C8304CB0-0A43-4E16-86AF-2EDC13C2996B}"
EndProject
Project("{FAE04EC0-301F-11D3-BF4B-00C04F79EFBC}") = "CodeFirstApproach", "CodeFirstApproach\CodeFirstApproach.csproj", "{3B83109E-303A-4332-9537-7E9268FE8EC7}"
EndProject
Project("{FAE04EC0-301F-11D3-BF4B-00C04F79EFBC}") = "ModelBasedApproach", "ModelBasedApproach\ModelBasedApproach.csproj", "{94E81B66-A5A8-4634-AA01-3CC5D67A7F5C}"
EndProject
Project("{FAE04EC0-301F-11D3-BF4B-00C04F79EFBC}") = "DBwithStoreproc", "DBwithStoreproc\DBwithStoreproc.csproj", "{57BBED83-80A3-4A25-BE21-A93421A0B4F9}"
EndProject
Project("{FAE04EC0-301F-11D3-BF4B-00C04F79EFBC}") = "ConsumingWebSerice", "ConsumingWebSerice\ConsumingWebSerice.csproj", "{47144B91-C847-4071-86FB-2814D894830E}"
	ProjectSection(ProjectDependencies) = postProject
		{57BBED83-80A3-4A25-BE21-A93421A0B4F9} = {57BBED83-80A3-4A25-BE21-A93421A0B4F9}
		{CEA7D7F7-046F-4DFB-AA8B-1FC695B9DD00} = {CEA7D7F7-046F-4DFB-AA8B-1FC695B9DD00}
	EndProjectSection
EndProject
Project("{FAE04EC0-301F-11D3-BF4B-00C04F79EFBC}") = "WcfServiceLibrary1", "WcfServiceLibrary1\WcfServiceLibrary1.csproj", "{CEA7D7F7-046F-4DFB-AA8B-1FC695B9DD00}"
EndProject
Project("{FAE04EC0-301F-11D3-BF4B-00C04F79EFBC}") = "WebApiExample", "WebApiExample\WebApiExample.csproj", "{01AA2DA0-006D-4A2A-A677-414BEB30069B}"
EndProject
Global
	GlobalSection(SolutionConfigurationPlatforms) = preSolution
		Debug|Any CPU = Debug|Any CPU
		Release|Any CPU = Release|Any CPU
	EndGlobalSection
	GlobalSection(ProjectConfigurationPlatforms) = postSolution
		{953E5572-26A4-49A5-B61E-89879FC2B274}.Debug|Any CPU.ActiveCfg = Debug|Any CPU
		{953E5572-26A4-49A5-B61E-89879FC2B274}.Debug|Any CPU.Build.0 = Debug|Any CPU
		{953E5572-26A4-49A5-B61E-89879FC2B274}.Release|Any CPU.ActiveCfg = Release|Any CPU
		{953E5572-26A4-49A5-B61E-89879FC2B274}.Release|Any CPU.Build.0 = Release|Any CPU
		{44171586-ABE3-447D-8D08-E26D66D81CA5}.Debug|Any CPU.ActiveCfg = Debug|Any CPU
		{44171586-ABE3-447D-8D08-E26D66D81CA5}.Debug|Any CPU.Build.0 = Debug|Any CPU
		{44171586-ABE3-447D-8D08-E26D66D81CA5}.Release|Any CPU.ActiveCfg = Release|Any CPU
		{44171586-ABE3-447D-8D08-E26D66D81CA5}.Release|Any CPU.Build.0 = Release|Any CPU
		{E98C1C13-BCCA-49E5-A375-06F7BF60DC4D}.Debug|Any CPU.ActiveCfg = Debug|Any CPU
		{E98C1C13-BCCA-49E5-A375-06F7BF60DC4D}.Debug|Any CPU.Build.0 = Debug|Any CPU
		{E98C1C13-BCCA-49E5-A375-06F7BF60DC4D}.Release|Any CPU.ActiveCfg = Release|Any CPU
		{E98C1C13-BCCA-49E5-A375-06F7BF60DC4D}.Release|Any CPU.Build.0 = Release|Any CPU
		{C8304CB0-0A43-4E16-86AF-2EDC13C2996B}.Debug|Any CPU.ActiveCfg = Debug|Any CPU
		{C8304CB0-0A43-4E16-86AF-2EDC13C2996B}.Debug|Any CPU.Build.0 = Debug|Any CPU
		{C8304CB0-0A43-4E16-86AF-2EDC13C2996B}.Release|Any CPU.ActiveCfg = Release|Any CPU
		{C8304CB0-0A43-4E16-86AF-2EDC13C2996B}.Release|Any CPU.Build.0 = Release|Any CPU
		{3B83109E-303A-4332-9537-7E9268FE8EC7}.Debug|Any CPU.ActiveCfg = Debug|Any CPU
		{3B83109E-303A-4332-9537-7E9268FE8EC7}.Debug|Any CPU.Build.0 = Debug|Any CPU
		{3B83109E-303A-4332-9537-7E9268FE8EC7}.Release|Any CPU.ActiveCfg = Release|Any CPU
		{3B83109E-303A-4332-9537-7E9268FE8EC7}.Release|Any CPU.Build.0 = Release|Any CPU
		{94E81B66-A5A8-4634-AA01-3CC5D67A7F5C}.Debug|Any CPU.ActiveCfg = Debug|Any CPU
		{94E81B66-A5A8-4634-AA01-3CC5D67A7F5C}.Debug|Any CPU.Build.0 = Debug|Any CPU
		{94E81B66-A5A8-4634-AA01-3CC5D67A7F5C}.Release|Any CPU.ActiveCfg = Release|Any CPU
		{94E81B66-A5A8-4634-AA01-3CC5D67A7F5C}.Release|Any CPU.Build.0 = Release|Any CPU
		{57BBED83-80A3-4A25-BE21-A93421A0B4F9}.Debug|Any CPU.ActiveCfg = Debug|Any CPU
		{57BBED83-80A3-4A25-BE21-A93421A0B4F9}.Debug|Any CPU.Build.0 = Debug|Any CPU
		{57BBED83-80A3-4A25-BE21-A93421A0B4F9}.Release|Any CPU.ActiveCfg = Release|Any CPU
		{57BBED83-80A3-4A25-BE21-A93421A0B4F9}.Release|Any CPU.Build.0 = Release|Any CPU
		{47144B91-C847-4071-86FB-2814D894830E}.Debug|Any CPU.ActiveCfg = Debug|Any CPU
		{47144B91-C847-4071-86FB-2814D894830E}.Debug|Any CPU.Build.0 = Debug|Any CPU
		{47144B91-C847-4071-86FB-2814D894830E}.Release|Any CPU.ActiveCfg = Release|Any CPU
		{47144B91-C847-4071-86FB-2814D894830E}.Release|Any CPU.Build.0 = Release|Any CPU
		{CEA7D7F7-046F-4DFB-AA8B-1FC695B9DD00}.Debug|Any CPU.ActiveCfg = Debug|Any CPU
		{CEA7D7F7-046F-4DFB-AA8B-1FC695B9DD00}.Debug|Any CPU.Build.0 = Debug|Any CPU
		{CEA7D7F7-046F-4DFB-AA8B-1FC695B9DD00}.Release|Any CPU.ActiveCfg = Release|Any CPU
		{CEA7D7F7-046F-4DFB-AA8B-1FC695B9DD00}.Release|Any CPU.Build.0 = Release|Any CPU
		{01AA2DA0-006D-4A2A-A677-414BEB30069B}.Debug|Any CPU.ActiveCfg = Debug|Any CPU
		{01AA2DA0-006D-4A2A-A677-414BEB30069B}.Debug|Any CPU.Build.0 = Debug|Any CPU
		{01AA2DA0-006D-4A2A-A677-414BEB30069B}.Release|Any CPU.ActiveCfg = Release|Any CPU
		{01AA2DA0-006D-4A2A-A677-414BEB30069B}.Release|Any CPU.Build.0 = Release|Any CPU
	EndGlobalSection
	GlobalSection(SolutionProperties) = preSolution
		HideSolutionNode = FALSE
	EndGlobalSection
EndGlobal
